// !$*UTF8*$!
{
	archiveVersion = 1;
	classes = {
	};
	objectVersion = 47;
	objects = {

/* Begin PBXBuildFile section */
		350637471C4C1AAC00B5E547 /* ElementViewModel.swift in Sources */ = {isa = PBXBuildFile; fileRef = 350637461C4C1AAC00B5E547 /* ElementViewModel.swift */; };
		350E0DF01C81F16D00DB78FC /* LeMondeNewsFeedViewController.swift in Sources */ = {isa = PBXBuildFile; fileRef = 350E0DEF1C81F16D00DB78FC /* LeMondeNewsFeedViewController.swift */; };
		350E0DF21C84B0C500DB78FC /* ComponentStore.swift in Sources */ = {isa = PBXBuildFile; fileRef = 350E0DF11C84B0C500DB78FC /* ComponentStore.swift */; };
		350E0DF41C84C2FF00DB78FC /* TwitterFeedViewController.swift in Sources */ = {isa = PBXBuildFile; fileRef = 350E0DF31C84C2FF00DB78FC /* TwitterFeedViewController.swift */; };
		350E0DF61C84DD3700DB78FC /* twitter_sample.json in Resources */ = {isa = PBXBuildFile; fileRef = 350E0DF51C84DD3700DB78FC /* twitter_sample.json */; };
		3541CE881C44494B00A3B257 /* Main.storyboard in Resources */ = {isa = PBXBuildFile; fileRef = 3541CE871C44494B00A3B257 /* Main.storyboard */; };
		3550E7611C4E5AB8002F5FB4 /* Configurations.swift in Sources */ = {isa = PBXBuildFile; fileRef = 3550E7601C4E5AB8002F5FB4 /* Configurations.swift */; };
		35543A301C694C58000AC50C /* DetailsViewController.swift in Sources */ = {isa = PBXBuildFile; fileRef = 35543A2F1C694C58000AC50C /* DetailsViewController.swift */; };
		3585078B1C622B6C006D02EF /* FetteEngschrift.otf in Resources */ = {isa = PBXBuildFile; fileRef = 358507801C622B6A006D02EF /* FetteEngschrift.otf */; };
		3585078C1C622B6C006D02EF /* LmfrAppIcon.ttf in Resources */ = {isa = PBXBuildFile; fileRef = 358507811C622B6A006D02EF /* LmfrAppIcon.ttf */; };
		3585078D1C622B6C006D02EF /* TheAntiquaB-W5Plain.otf in Resources */ = {isa = PBXBuildFile; fileRef = 358507821C622B6A006D02EF /* TheAntiquaB-W5Plain.otf */; };
		3585078E1C622B6C006D02EF /* TheAntiquaB-W5PlainItalic.otf in Resources */ = {isa = PBXBuildFile; fileRef = 358507831C622B6A006D02EF /* TheAntiquaB-W5PlainItalic.otf */; };
		3585078F1C622B6C006D02EF /* TheAntiquaB-W6SemiBold.otf in Resources */ = {isa = PBXBuildFile; fileRef = 358507841C622B6A006D02EF /* TheAntiquaB-W6SemiBold.otf */; };
		358507901C622B6C006D02EF /* TheAntiquaB-W7Bold.otf in Resources */ = {isa = PBXBuildFile; fileRef = 358507851C622B6A006D02EF /* TheAntiquaB-W7Bold.otf */; };
		358507911C622B6C006D02EF /* TheAntiquaB-W8ExtraBold.otf in Resources */ = {isa = PBXBuildFile; fileRef = 358507861C622B6A006D02EF /* TheAntiquaB-W8ExtraBold.otf */; };
		358507921C622B6C006D02EF /* TheSansOsF-Bold.otf in Resources */ = {isa = PBXBuildFile; fileRef = 358507871C622B6A006D02EF /* TheSansOsF-Bold.otf */; };
		358507931C622B6C006D02EF /* TheSansOsF-Plain.otf in Resources */ = {isa = PBXBuildFile; fileRef = 358507881C622B6A006D02EF /* TheSansOsF-Plain.otf */; };
		358507941C622B6C006D02EF /* TheSansOsF-SemiBold.otf in Resources */ = {isa = PBXBuildFile; fileRef = 358507891C622B6A006D02EF /* TheSansOsF-SemiBold.otf */; };
		358507951C622B6C006D02EF /* TheSansOsF-SemiLight.otf in Resources */ = {isa = PBXBuildFile; fileRef = 3585078A1C622B6A006D02EF /* TheSansOsF-SemiLight.otf */; };
		358507971C626097006D02EF /* Responsive.swift in Sources */ = {isa = PBXBuildFile; fileRef = 358507961C626097006D02EF /* Responsive.swift */; };
		3589D4531C7260C00031A890 /* AdView.xib in Resources */ = {isa = PBXBuildFile; fileRef = 3589D4521C7260C00031A890 /* AdView.xib */; };
		35B44E361C84E4E60049553F /* Tweet.swift in Sources */ = {isa = PBXBuildFile; fileRef = 35B44E351C84E4E60049553F /* Tweet.swift */; };
		35CC5EAB1C6CDC39005C87C8 /* Icon.swift in Sources */ = {isa = PBXBuildFile; fileRef = 35CC5EAA1C6CDC39005C87C8 /* Icon.swift */; };
		35CC5EAD1C6CE756005C87C8 /* AdView.swift in Sources */ = {isa = PBXBuildFile; fileRef = 35CC5EAC1C6CE756005C87C8 /* AdView.swift */; };
		35F5204A1C7C7BEF0089FF41 /* DemoTests.swift in Sources */ = {isa = PBXBuildFile; fileRef = 35F520491C7C7BEF0089FF41 /* DemoTests.swift */; };
		35FFB6A81C7A8C070035EC52 /* Element.swift in Sources */ = {isa = PBXBuildFile; fileRef = 35FFB6A71C7A8C070035EC52 /* Element.swift */; };
		3B3BE96C4117CB80F9144250 /* Pods_LeeGo_Tests.framework in Frameworks */ = {isa = PBXBuildFile; fileRef = 88078757DDD337BDFDD543E1 /* Pods_LeeGo_Tests.framework */; };
		607FACD61AFB9204008FA782 /* AppDelegate.swift in Sources */ = {isa = PBXBuildFile; fileRef = 607FACD51AFB9204008FA782 /* AppDelegate.swift */; };
		607FACD81AFB9204008FA782 /* MainViewController.swift in Sources */ = {isa = PBXBuildFile; fileRef = 607FACD71AFB9204008FA782 /* MainViewController.swift */; };
		607FACDD1AFB9204008FA782 /* Images.xcassets in Resources */ = {isa = PBXBuildFile; fileRef = 607FACDC1AFB9204008FA782 /* Images.xcassets */; };
		607FACE01AFB9204008FA782 /* LaunchScreen.xib in Resources */ = {isa = PBXBuildFile; fileRef = 607FACDE1AFB9204008FA782 /* LaunchScreen.xib */; };
		8BB65EBEFE3C9BD9CDD42C04 /* Pods_LeeGo_Demo.framework in Frameworks */ = {isa = PBXBuildFile; fileRef = 414F27C911D7E43D8077BCC6 /* Pods_LeeGo_Demo.framework */; };
/* End PBXBuildFile section */

/* Begin PBXContainerItemProxy section */
		607FACE61AFB9204008FA782 /* PBXContainerItemProxy */ = {
			isa = PBXContainerItemProxy;
			containerPortal = 607FACC81AFB9204008FA782 /* Project object */;
			proxyType = 1;
			remoteGlobalIDString = 607FACCF1AFB9204008FA782;
			remoteInfo = LeeGo;
		};
/* End PBXContainerItemProxy section */

/* Begin PBXFileReference section */
		1524E6FF067F0774C3E1EE21 /* LeeGo.podspec */ = {isa = PBXFileReference; includeInIndex = 1; lastKnownFileType = text; name = LeeGo.podspec; path = ../LeeGo.podspec; sourceTree = "<group>"; };
		350637461C4C1AAC00B5E547 /* ElementViewModel.swift */ = {isa = PBXFileReference; fileEncoding = 4; lastKnownFileType = sourcecode.swift; path = ElementViewModel.swift; sourceTree = "<group>"; };
		350E0DEF1C81F16D00DB78FC /* LeMondeNewsFeedViewController.swift */ = {isa = PBXFileReference; fileEncoding = 4; lastKnownFileType = sourcecode.swift; path = LeMondeNewsFeedViewController.swift; sourceTree = "<group>"; };
		350E0DF11C84B0C500DB78FC /* ComponentStore.swift */ = {isa = PBXFileReference; fileEncoding = 4; lastKnownFileType = sourcecode.swift; path = ComponentStore.swift; sourceTree = "<group>"; };
		350E0DF31C84C2FF00DB78FC /* TwitterFeedViewController.swift */ = {isa = PBXFileReference; fileEncoding = 4; lastKnownFileType = sourcecode.swift; path = TwitterFeedViewController.swift; sourceTree = "<group>"; };
		350E0DF51C84DD3700DB78FC /* twitter_sample.json */ = {isa = PBXFileReference; fileEncoding = 4; lastKnownFileType = text.json; path = twitter_sample.json; sourceTree = "<group>"; };
		3541CE871C44494B00A3B257 /* Main.storyboard */ = {isa = PBXFileReference; fileEncoding = 4; lastKnownFileType = file.storyboard; path = Main.storyboard; sourceTree = "<group>"; };
		3550E7601C4E5AB8002F5FB4 /* Configurations.swift */ = {isa = PBXFileReference; fileEncoding = 4; lastKnownFileType = sourcecode.swift; path = Configurations.swift; sourceTree = "<group>"; };
		35543A2F1C694C58000AC50C /* DetailsViewController.swift */ = {isa = PBXFileReference; fileEncoding = 4; lastKnownFileType = sourcecode.swift; path = DetailsViewController.swift; sourceTree = "<group>"; };
		358507801C622B6A006D02EF /* FetteEngschrift.otf */ = {isa = PBXFileReference; lastKnownFileType = file; path = FetteEngschrift.otf; sourceTree = "<group>"; };
		358507811C622B6A006D02EF /* LmfrAppIcon.ttf */ = {isa = PBXFileReference; lastKnownFileType = file; path = LmfrAppIcon.ttf; sourceTree = "<group>"; };
		358507821C622B6A006D02EF /* TheAntiquaB-W5Plain.otf */ = {isa = PBXFileReference; lastKnownFileType = file; path = "TheAntiquaB-W5Plain.otf"; sourceTree = "<group>"; };
		358507831C622B6A006D02EF /* TheAntiquaB-W5PlainItalic.otf */ = {isa = PBXFileReference; lastKnownFileType = file; path = "TheAntiquaB-W5PlainItalic.otf"; sourceTree = "<group>"; };
		358507841C622B6A006D02EF /* TheAntiquaB-W6SemiBold.otf */ = {isa = PBXFileReference; lastKnownFileType = file; path = "TheAntiquaB-W6SemiBold.otf"; sourceTree = "<group>"; };
		358507851C622B6A006D02EF /* TheAntiquaB-W7Bold.otf */ = {isa = PBXFileReference; lastKnownFileType = file; path = "TheAntiquaB-W7Bold.otf"; sourceTree = "<group>"; };
		358507861C622B6A006D02EF /* TheAntiquaB-W8ExtraBold.otf */ = {isa = PBXFileReference; lastKnownFileType = file; path = "TheAntiquaB-W8ExtraBold.otf"; sourceTree = "<group>"; };
		358507871C622B6A006D02EF /* TheSansOsF-Bold.otf */ = {isa = PBXFileReference; lastKnownFileType = file; path = "TheSansOsF-Bold.otf"; sourceTree = "<group>"; };
		358507881C622B6A006D02EF /* TheSansOsF-Plain.otf */ = {isa = PBXFileReference; lastKnownFileType = file; path = "TheSansOsF-Plain.otf"; sourceTree = "<group>"; };
		358507891C622B6A006D02EF /* TheSansOsF-SemiBold.otf */ = {isa = PBXFileReference; lastKnownFileType = file; path = "TheSansOsF-SemiBold.otf"; sourceTree = "<group>"; };
		3585078A1C622B6A006D02EF /* TheSansOsF-SemiLight.otf */ = {isa = PBXFileReference; lastKnownFileType = file; path = "TheSansOsF-SemiLight.otf"; sourceTree = "<group>"; };
		358507961C626097006D02EF /* Responsive.swift */ = {isa = PBXFileReference; fileEncoding = 4; lastKnownFileType = sourcecode.swift; path = Responsive.swift; sourceTree = "<group>"; };
		3589D4521C7260C00031A890 /* AdView.xib */ = {isa = PBXFileReference; fileEncoding = 4; lastKnownFileType = file.xib; path = AdView.xib; sourceTree = "<group>"; };
		35B44E351C84E4E60049553F /* Tweet.swift */ = {isa = PBXFileReference; fileEncoding = 4; lastKnownFileType = sourcecode.swift; path = Tweet.swift; sourceTree = "<group>"; };
		35CC5EAA1C6CDC39005C87C8 /* Icon.swift */ = {isa = PBXFileReference; fileEncoding = 4; lastKnownFileType = sourcecode.swift; path = Icon.swift; sourceTree = "<group>"; };
		35CC5EAC1C6CE756005C87C8 /* AdView.swift */ = {isa = PBXFileReference; fileEncoding = 4; lastKnownFileType = sourcecode.swift; path = AdView.swift; sourceTree = "<group>"; };
		35F51FBA1C7C61A40089FF41 /* README.md */ = {isa = PBXFileReference; fileEncoding = 4; lastKnownFileType = net.daringfireball.markdown; name = README.md; path = ../README.md; sourceTree = "<group>"; };
		35F520491C7C7BEF0089FF41 /* DemoTests.swift */ = {isa = PBXFileReference; fileEncoding = 4; lastKnownFileType = sourcecode.swift; path = DemoTests.swift; sourceTree = "<group>"; };
		35FFB6A71C7A8C070035EC52 /* Element.swift */ = {isa = PBXFileReference; fileEncoding = 4; lastKnownFileType = sourcecode.swift; path = Element.swift; sourceTree = "<group>"; };
		414F27C911D7E43D8077BCC6 /* Pods_LeeGo_Demo.framework */ = {isa = PBXFileReference; explicitFileType = wrapper.framework; includeInIndex = 0; path = Pods_LeeGo_Demo.framework; sourceTree = BUILT_PRODUCTS_DIR; };
		607FACD01AFB9204008FA782 /* LeeGo-Demo.app */ = {isa = PBXFileReference; explicitFileType = wrapper.application; includeInIndex = 0; path = "LeeGo-Demo.app"; sourceTree = BUILT_PRODUCTS_DIR; };
		607FACD41AFB9204008FA782 /* Info.plist */ = {isa = PBXFileReference; lastKnownFileType = text.plist.xml; path = Info.plist; sourceTree = "<group>"; };
		607FACD51AFB9204008FA782 /* AppDelegate.swift */ = {isa = PBXFileReference; lastKnownFileType = sourcecode.swift; path = AppDelegate.swift; sourceTree = "<group>"; };
		607FACD71AFB9204008FA782 /* MainViewController.swift */ = {isa = PBXFileReference; lastKnownFileType = sourcecode.swift; path = MainViewController.swift; sourceTree = "<group>"; };
		607FACDC1AFB9204008FA782 /* Images.xcassets */ = {isa = PBXFileReference; lastKnownFileType = folder.assetcatalog; path = Images.xcassets; sourceTree = "<group>"; };
		607FACDF1AFB9204008FA782 /* Base */ = {isa = PBXFileReference; lastKnownFileType = file.xib; name = Base; path = Base.lproj/LaunchScreen.xib; sourceTree = "<group>"; };
		607FACE51AFB9204008FA782 /* LeeGo-Tests.xctest */ = {isa = PBXFileReference; explicitFileType = wrapper.cfbundle; includeInIndex = 0; path = "LeeGo-Tests.xctest"; sourceTree = BUILT_PRODUCTS_DIR; };
		607FACEA1AFB9204008FA782 /* Info.plist */ = {isa = PBXFileReference; lastKnownFileType = text.plist.xml; path = Info.plist; sourceTree = "<group>"; };
		615CF4A254DE172FAED17E17 /* Pods-LeeGo-Tests.release.xcconfig */ = {isa = PBXFileReference; includeInIndex = 1; lastKnownFileType = text.xcconfig; name = "Pods-LeeGo-Tests.release.xcconfig"; path = "Pods/Target Support Files/Pods-LeeGo-Tests/Pods-LeeGo-Tests.release.xcconfig"; sourceTree = "<group>"; };
		7765EEDA913C283C36AE6990 /* Pods-LeeGo-Demo.release.xcconfig */ = {isa = PBXFileReference; includeInIndex = 1; lastKnownFileType = text.xcconfig; name = "Pods-LeeGo-Demo.release.xcconfig"; path = "Pods/Target Support Files/Pods-LeeGo-Demo/Pods-LeeGo-Demo.release.xcconfig"; sourceTree = "<group>"; };
		88078757DDD337BDFDD543E1 /* Pods_LeeGo_Tests.framework */ = {isa = PBXFileReference; explicitFileType = wrapper.framework; includeInIndex = 0; path = Pods_LeeGo_Tests.framework; sourceTree = BUILT_PRODUCTS_DIR; };
		BA435C3F552C07FF750E1013 /* Pods-LeeGo-Tests.debug.xcconfig */ = {isa = PBXFileReference; includeInIndex = 1; lastKnownFileType = text.xcconfig; name = "Pods-LeeGo-Tests.debug.xcconfig"; path = "Pods/Target Support Files/Pods-LeeGo-Tests/Pods-LeeGo-Tests.debug.xcconfig"; sourceTree = "<group>"; };
		CA2060E865742FE956506C67 /* Pods-LeeGo-Demo.debug.xcconfig */ = {isa = PBXFileReference; includeInIndex = 1; lastKnownFileType = text.xcconfig; name = "Pods-LeeGo-Demo.debug.xcconfig"; path = "Pods/Target Support Files/Pods-LeeGo-Demo/Pods-LeeGo-Demo.debug.xcconfig"; sourceTree = "<group>"; };
/* End PBXFileReference section */

/* Begin PBXFrameworksBuildPhase section */
		607FACCD1AFB9204008FA782 /* Frameworks */ = {
			isa = PBXFrameworksBuildPhase;
			buildActionMask = 2147483647;
			files = (
				8BB65EBEFE3C9BD9CDD42C04 /* Pods_LeeGo_Demo.framework in Frameworks */,
			);
			runOnlyForDeploymentPostprocessing = 0;
		};
		607FACE21AFB9204008FA782 /* Frameworks */ = {
			isa = PBXFrameworksBuildPhase;
			buildActionMask = 2147483647;
			files = (
				3B3BE96C4117CB80F9144250 /* Pods_LeeGo_Tests.framework in Frameworks */,
			);
			runOnlyForDeploymentPostprocessing = 0;
		};
/* End PBXFrameworksBuildPhase section */

/* Begin PBXGroup section */
		14F3DCC68066174BE11A19BB /* Pods */ = {
			isa = PBXGroup;
			children = (
				CA2060E865742FE956506C67 /* Pods-LeeGo-Demo.debug.xcconfig */,
				7765EEDA913C283C36AE6990 /* Pods-LeeGo-Demo.release.xcconfig */,
				BA435C3F552C07FF750E1013 /* Pods-LeeGo-Tests.debug.xcconfig */,
				615CF4A254DE172FAED17E17 /* Pods-LeeGo-Tests.release.xcconfig */,
			);
			name = Pods;
			sourceTree = "<group>";
		};
		350E0DED1C81F08400DB78FC /* LeMonde */ = {
			isa = PBXGroup;
			children = (
				35543A2F1C694C58000AC50C /* DetailsViewController.swift */,
				350E0DEF1C81F16D00DB78FC /* LeMondeNewsFeedViewController.swift */,
				35FFB6A61C7A8BF30035EC52 /* Models */,
				35CC5EA91C6CD942005C87C8 /* Views */,
				35543A311C6A4B56000AC50C /* Configurations */,
			);
			name = LeMonde;
			sourceTree = "<group>";
		};
		350E0DEE1C81F08B00DB78FC /* Twitter */ = {
			isa = PBXGroup;
			children = (
				350E0DF31C84C2FF00DB78FC /* TwitterFeedViewController.swift */,
				350E0DF51C84DD3700DB78FC /* twitter_sample.json */,
				35B44E351C84E4E60049553F /* Tweet.swift */,
			);
			name = Twitter;
			sourceTree = "<group>";
		};
		35543A311C6A4B56000AC50C /* Configurations */ = {
			isa = PBXGroup;
			children = (
				358507961C626097006D02EF /* Responsive.swift */,
				3550E7601C4E5AB8002F5FB4 /* Configurations.swift */,
			);
			name = Configurations;
			sourceTree = "<group>";
		};
		3585077F1C622B6A006D02EF /* Fonts */ = {
			isa = PBXGroup;
			children = (
				358507801C622B6A006D02EF /* FetteEngschrift.otf */,
				358507811C622B6A006D02EF /* LmfrAppIcon.ttf */,
				358507821C622B6A006D02EF /* TheAntiquaB-W5Plain.otf */,
				358507831C622B6A006D02EF /* TheAntiquaB-W5PlainItalic.otf */,
				358507841C622B6A006D02EF /* TheAntiquaB-W6SemiBold.otf */,
				358507851C622B6A006D02EF /* TheAntiquaB-W7Bold.otf */,
				358507861C622B6A006D02EF /* TheAntiquaB-W8ExtraBold.otf */,
				358507871C622B6A006D02EF /* TheSansOsF-Bold.otf */,
				358507881C622B6A006D02EF /* TheSansOsF-Plain.otf */,
				358507891C622B6A006D02EF /* TheSansOsF-SemiBold.otf */,
				3585078A1C622B6A006D02EF /* TheSansOsF-SemiLight.otf */,
			);
			path = Fonts;
			sourceTree = "<group>";
		};
		35CC5EA91C6CD942005C87C8 /* Views */ = {
			isa = PBXGroup;
			children = (
				35CC5EAA1C6CDC39005C87C8 /* Icon.swift */,
				35CC5EAC1C6CE756005C87C8 /* AdView.swift */,
				3589D4521C7260C00031A890 /* AdView.xib */,
			);
			name = Views;
			sourceTree = "<group>";
		};
		35FFB6A61C7A8BF30035EC52 /* Models */ = {
			isa = PBXGroup;
			children = (
				35FFB6A71C7A8C070035EC52 /* Element.swift */,
				350637461C4C1AAC00B5E547 /* ElementViewModel.swift */,
			);
			name = Models;
			sourceTree = "<group>";
		};
		35FFBC7A1C7BD2690035EC52 /* Documentation */ = {
			isa = PBXGroup;
			children = (
				35F51FBA1C7C61A40089FF41 /* README.md */,
			);
			name = Documentation;
			path = ../Docs;
			sourceTree = "<group>";
		};
		607FACC71AFB9204008FA782 = {
			isa = PBXGroup;
			children = (
				607FACF51AFB993E008FA782 /* Podspec Metadata */,
				607FACD21AFB9204008FA782 /* LeeGo-Demo */,
				607FACE81AFB9204008FA782 /* LeeGo-Tests */,
				607FACD11AFB9204008FA782 /* Products */,
				14F3DCC68066174BE11A19BB /* Pods */,
				B556EE8B2301272287076802 /* Frameworks */,
			);
			sourceTree = "<group>";
		};
		607FACD11AFB9204008FA782 /* Products */ = {
			isa = PBXGroup;
			children = (
				607FACD01AFB9204008FA782 /* LeeGo-Demo.app */,
				607FACE51AFB9204008FA782 /* LeeGo-Tests.xctest */,
			);
			name = Products;
			sourceTree = "<group>";
		};
		607FACD21AFB9204008FA782 /* LeeGo-Demo */ = {
			isa = PBXGroup;
			children = (
				607FACD51AFB9204008FA782 /* AppDelegate.swift */,
				607FACD71AFB9204008FA782 /* MainViewController.swift */,
				350E0DF11C84B0C500DB78FC /* ComponentStore.swift */,
				350E0DEE1C81F08B00DB78FC /* Twitter */,
				350E0DED1C81F08400DB78FC /* LeMonde */,
				607FACDC1AFB9204008FA782 /* Images.xcassets */,
				607FACDE1AFB9204008FA782 /* LaunchScreen.xib */,
				3541CE871C44494B00A3B257 /* Main.storyboard */,
				607FACD31AFB9204008FA782 /* Supporting Files */,
			);
			name = "LeeGo-Demo";
			path = LeeGo;
			sourceTree = "<group>";
		};
		607FACD31AFB9204008FA782 /* Supporting Files */ = {
			isa = PBXGroup;
			children = (
				3585077F1C622B6A006D02EF /* Fonts */,
				607FACD41AFB9204008FA782 /* Info.plist */,
			);
			name = "Supporting Files";
			sourceTree = "<group>";
		};
		607FACE81AFB9204008FA782 /* LeeGo-Tests */ = {
			isa = PBXGroup;
			children = (
				35F520491C7C7BEF0089FF41 /* DemoTests.swift */,
				607FACE91AFB9204008FA782 /* Supporting Files */,
			);
			name = "LeeGo-Tests";
			path = Tests;
			sourceTree = "<group>";
		};
		607FACE91AFB9204008FA782 /* Supporting Files */ = {
			isa = PBXGroup;
			children = (
				607FACEA1AFB9204008FA782 /* Info.plist */,
			);
			name = "Supporting Files";
			sourceTree = "<group>";
		};
		607FACF51AFB993E008FA782 /* Podspec Metadata */ = {
			isa = PBXGroup;
			children = (
				35FFBC7A1C7BD2690035EC52 /* Documentation */,
				1524E6FF067F0774C3E1EE21 /* LeeGo.podspec */,
			);
			name = "Podspec Metadata";
			sourceTree = "<group>";
		};
		B556EE8B2301272287076802 /* Frameworks */ = {
			isa = PBXGroup;
			children = (
				414F27C911D7E43D8077BCC6 /* Pods_LeeGo_Demo.framework */,
				88078757DDD337BDFDD543E1 /* Pods_LeeGo_Tests.framework */,
			);
			name = Frameworks;
			sourceTree = "<group>";
		};
/* End PBXGroup section */

/* Begin PBXNativeTarget section */
		607FACCF1AFB9204008FA782 /* LeeGo-Demo */ = {
			isa = PBXNativeTarget;
			buildConfigurationList = 607FACEF1AFB9204008FA782 /* Build configuration list for PBXNativeTarget "LeeGo-Demo" */;
			buildPhases = (
				36E6FED8BF65D59ECC07AE5A /* Check Pods Manifest.lock */,
				607FACCC1AFB9204008FA782 /* Sources */,
				607FACCD1AFB9204008FA782 /* Frameworks */,
				607FACCE1AFB9204008FA782 /* Resources */,
				478C44F890CB6A637D5632AA /* Embed Pods Frameworks */,
				D473B597B4EDBD51C33A4F87 /* Copy Pods Resources */,
			);
			buildRules = (
			);
			dependencies = (
			);
			name = "LeeGo-Demo";
			productName = LeeGo;
			productReference = 607FACD01AFB9204008FA782 /* LeeGo-Demo.app */;
			productType = "com.apple.product-type.application";
		};
		607FACE41AFB9204008FA782 /* LeeGo-Tests */ = {
			isa = PBXNativeTarget;
			buildConfigurationList = 607FACF21AFB9204008FA782 /* Build configuration list for PBXNativeTarget "LeeGo-Tests" */;
			buildPhases = (
				4B5D44760223669F1535D656 /* Check Pods Manifest.lock */,
				607FACE11AFB9204008FA782 /* Sources */,
				607FACE21AFB9204008FA782 /* Frameworks */,
				607FACE31AFB9204008FA782 /* Resources */,
				92BEC1139CAE6DA7DFFF2363 /* Embed Pods Frameworks */,
				40B796FC7911C6FC3FE30CFA /* Copy Pods Resources */,
			);
			buildRules = (
			);
			dependencies = (
				607FACE71AFB9204008FA782 /* PBXTargetDependency */,
			);
			name = "LeeGo-Tests";
			productName = Tests;
			productReference = 607FACE51AFB9204008FA782 /* LeeGo-Tests.xctest */;
			productType = "com.apple.product-type.bundle.unit-test";
		};
/* End PBXNativeTarget section */

/* Begin PBXProject section */
		607FACC81AFB9204008FA782 /* Project object */ = {
			isa = PBXProject;
			attributes = {
				LastSwiftUpdateCheck = 0720;
				LastUpgradeCheck = 0720;
				ORGANIZATIONNAME = LeeGo;
				TargetAttributes = {
					607FACCF1AFB9204008FA782 = {
						CreatedOnToolsVersion = 6.3.1;
					};
					607FACE41AFB9204008FA782 = {
						CreatedOnToolsVersion = 6.3.1;
						TestTargetID = 607FACCF1AFB9204008FA782;
					};
				};
			};
			buildConfigurationList = 607FACCB1AFB9204008FA782 /* Build configuration list for PBXProject "LeeGo" */;
			compatibilityVersion = "Xcode 6.3";
			developmentRegion = English;
			hasScannedForEncodings = 0;
			knownRegions = (
				en,
				Base,
			);
			mainGroup = 607FACC71AFB9204008FA782;
			productRefGroup = 607FACD11AFB9204008FA782 /* Products */;
			projectDirPath = "";
			projectRoot = "";
			targets = (
				607FACCF1AFB9204008FA782 /* LeeGo-Demo */,
				607FACE41AFB9204008FA782 /* LeeGo-Tests */,
			);
		};
/* End PBXProject section */

/* Begin PBXResourcesBuildPhase section */
		607FACCE1AFB9204008FA782 /* Resources */ = {
			isa = PBXResourcesBuildPhase;
			buildActionMask = 2147483647;
			files = (
				358507951C622B6C006D02EF /* TheSansOsF-SemiLight.otf in Resources */,
				3585078F1C622B6C006D02EF /* TheAntiquaB-W6SemiBold.otf in Resources */,
				3585078C1C622B6C006D02EF /* LmfrAppIcon.ttf in Resources */,
				358507941C622B6C006D02EF /* TheSansOsF-SemiBold.otf in Resources */,
				607FACE01AFB9204008FA782 /* LaunchScreen.xib in Resources */,
				3589D4531C7260C00031A890 /* AdView.xib in Resources */,
				607FACDD1AFB9204008FA782 /* Images.xcassets in Resources */,
				358507901C622B6C006D02EF /* TheAntiquaB-W7Bold.otf in Resources */,
				358507921C622B6C006D02EF /* TheSansOsF-Bold.otf in Resources */,
				358507911C622B6C006D02EF /* TheAntiquaB-W8ExtraBold.otf in Resources */,
				3585078D1C622B6C006D02EF /* TheAntiquaB-W5Plain.otf in Resources */,
				3541CE881C44494B00A3B257 /* Main.storyboard in Resources */,
				3585078B1C622B6C006D02EF /* FetteEngschrift.otf in Resources */,
				358507931C622B6C006D02EF /* TheSansOsF-Plain.otf in Resources */,
				3585078E1C622B6C006D02EF /* TheAntiquaB-W5PlainItalic.otf in Resources */,
				350E0DF61C84DD3700DB78FC /* twitter_sample.json in Resources */,
			);
			runOnlyForDeploymentPostprocessing = 0;
		};
		607FACE31AFB9204008FA782 /* Resources */ = {
			isa = PBXResourcesBuildPhase;
			buildActionMask = 2147483647;
			files = (
			);
			runOnlyForDeploymentPostprocessing = 0;
		};
/* End PBXResourcesBuildPhase section */

/* Begin PBXShellScriptBuildPhase section */
		36E6FED8BF65D59ECC07AE5A /* Check Pods Manifest.lock */ = {
			isa = PBXShellScriptBuildPhase;
			buildActionMask = 2147483647;
			files = (
			);
			inputPaths = (
			);
			name = "Check Pods Manifest.lock";
			outputPaths = (
			);
			runOnlyForDeploymentPostprocessing = 0;
			shellPath = /bin/sh;
			shellScript = "diff \"${PODS_ROOT}/../Podfile.lock\" \"${PODS_ROOT}/Manifest.lock\" > /dev/null\nif [[ $? != 0 ]] ; then\n    cat << EOM\nerror: The sandbox is not in sync with the Podfile.lock. Run 'pod install' or update your CocoaPods installation.\nEOM\n    exit 1\nfi\n";
			showEnvVarsInLog = 0;
		};
		40B796FC7911C6FC3FE30CFA /* Copy Pods Resources */ = {
			isa = PBXShellScriptBuildPhase;
			buildActionMask = 2147483647;
			files = (
			);
			inputPaths = (
			);
			name = "Copy Pods Resources";
			outputPaths = (
			);
			runOnlyForDeploymentPostprocessing = 0;
			shellPath = /bin/sh;
			shellScript = "\"${SRCROOT}/Pods/Target Support Files/Pods-LeeGo-Tests/Pods-LeeGo-Tests-resources.sh\"\n";
			showEnvVarsInLog = 0;
		};
		478C44F890CB6A637D5632AA /* Embed Pods Frameworks */ = {
			isa = PBXShellScriptBuildPhase;
			buildActionMask = 2147483647;
			files = (
			);
			inputPaths = (
			);
			name = "Embed Pods Frameworks";
			outputPaths = (
			);
			runOnlyForDeploymentPostprocessing = 0;
			shellPath = /bin/sh;
			shellScript = "\"${SRCROOT}/Pods/Target Support Files/Pods-LeeGo-Demo/Pods-LeeGo-Demo-frameworks.sh\"\n";
			showEnvVarsInLog = 0;
		};
		4B5D44760223669F1535D656 /* Check Pods Manifest.lock */ = {
			isa = PBXShellScriptBuildPhase;
			buildActionMask = 2147483647;
			files = (
			);
			inputPaths = (
			);
			name = "Check Pods Manifest.lock";
			outputPaths = (
			);
			runOnlyForDeploymentPostprocessing = 0;
			shellPath = /bin/sh;
			shellScript = "diff \"${PODS_ROOT}/../Podfile.lock\" \"${PODS_ROOT}/Manifest.lock\" > /dev/null\nif [[ $? != 0 ]] ; then\n    cat << EOM\nerror: The sandbox is not in sync with the Podfile.lock. Run 'pod install' or update your CocoaPods installation.\nEOM\n    exit 1\nfi\n";
			showEnvVarsInLog = 0;
		};
		92BEC1139CAE6DA7DFFF2363 /* Embed Pods Frameworks */ = {
			isa = PBXShellScriptBuildPhase;
			buildActionMask = 2147483647;
			files = (
			);
			inputPaths = (
			);
			name = "Embed Pods Frameworks";
			outputPaths = (
			);
			runOnlyForDeploymentPostprocessing = 0;
			shellPath = /bin/sh;
			shellScript = "\"${SRCROOT}/Pods/Target Support Files/Pods-LeeGo-Tests/Pods-LeeGo-Tests-frameworks.sh\"\n";
			showEnvVarsInLog = 0;
		};
		D473B597B4EDBD51C33A4F87 /* Copy Pods Resources */ = {
			isa = PBXShellScriptBuildPhase;
			buildActionMask = 2147483647;
			files = (
			);
			inputPaths = (
			);
			name = "Copy Pods Resources";
			outputPaths = (
			);
			runOnlyForDeploymentPostprocessing = 0;
			shellPath = /bin/sh;
			shellScript = "\"${SRCROOT}/Pods/Target Support Files/Pods-LeeGo-Demo/Pods-LeeGo-Demo-resources.sh\"\n";
			showEnvVarsInLog = 0;
		};
/* End PBXShellScriptBuildPhase section */

/* Begin PBXSourcesBuildPhase section */
		607FACCC1AFB9204008FA782 /* Sources */ = {
			isa = PBXSourcesBuildPhase;
			buildActionMask = 2147483647;
			files = (
				3550E7611C4E5AB8002F5FB4 /* Configurations.swift in Sources */,
				607FACD81AFB9204008FA782 /* MainViewController.swift in Sources */,
				35CC5EAD1C6CE756005C87C8 /* AdView.swift in Sources */,
				35B44E361C84E4E60049553F /* Tweet.swift in Sources */,
				350637471C4C1AAC00B5E547 /* ElementViewModel.swift in Sources */,
				35FFB6A81C7A8C070035EC52 /* Element.swift in Sources */,
				350E0DF41C84C2FF00DB78FC /* TwitterFeedViewController.swift in Sources */,
				607FACD61AFB9204008FA782 /* AppDelegate.swift in Sources */,
				358507971C626097006D02EF /* Responsive.swift in Sources */,
				35543A301C694C58000AC50C /* DetailsViewController.swift in Sources */,
				35CC5EAB1C6CDC39005C87C8 /* Icon.swift in Sources */,
				350E0DF01C81F16D00DB78FC /* LeMondeNewsFeedViewController.swift in Sources */,
				350E0DF21C84B0C500DB78FC /* ComponentStore.swift in Sources */,
			);
			runOnlyForDeploymentPostprocessing = 0;
		};
		607FACE11AFB9204008FA782 /* Sources */ = {
			isa = PBXSourcesBuildPhase;
			buildActionMask = 2147483647;
			files = (
				35F5204A1C7C7BEF0089FF41 /* DemoTests.swift in Sources */,
			);
			runOnlyForDeploymentPostprocessing = 0;
		};
/* End PBXSourcesBuildPhase section */

/* Begin PBXTargetDependency section */
		607FACE71AFB9204008FA782 /* PBXTargetDependency */ = {
			isa = PBXTargetDependency;
			target = 607FACCF1AFB9204008FA782 /* LeeGo-Demo */;
			targetProxy = 607FACE61AFB9204008FA782 /* PBXContainerItemProxy */;
		};
/* End PBXTargetDependency section */

/* Begin PBXVariantGroup section */
		607FACDE1AFB9204008FA782 /* LaunchScreen.xib */ = {
			isa = PBXVariantGroup;
			children = (
				607FACDF1AFB9204008FA782 /* Base */,
			);
			name = LaunchScreen.xib;
			sourceTree = "<group>";
		};
/* End PBXVariantGroup section */

/* Begin XCBuildConfiguration section */
		607FACED1AFB9204008FA782 /* Debug */ = {
			isa = XCBuildConfiguration;
			buildSettings = {
				ALWAYS_SEARCH_USER_PATHS = NO;
				CLANG_CXX_LANGUAGE_STANDARD = "gnu++0x";
				CLANG_CXX_LIBRARY = "libc++";
				CLANG_ENABLE_MODULES = YES;
				CLANG_ENABLE_OBJC_ARC = YES;
				CLANG_WARN_BOOL_CONVERSION = YES;
				CLANG_WARN_CONSTANT_CONVERSION = YES;
				CLANG_WARN_DIRECT_OBJC_ISA_USAGE = YES_ERROR;
				CLANG_WARN_EMPTY_BODY = YES;
				CLANG_WARN_ENUM_CONVERSION = YES;
				CLANG_WARN_INT_CONVERSION = YES;
				CLANG_WARN_OBJC_ROOT_CLASS = YES_ERROR;
				CLANG_WARN_UNREACHABLE_CODE = YES;
				CLANG_WARN__DUPLICATE_METHOD_MATCH = YES;
				"CODE_SIGN_IDENTITY[sdk=iphoneos*]" = "iPhone Developer";
				COPY_PHASE_STRIP = NO;
				DEBUG_INFORMATION_FORMAT = "dwarf-with-dsym";
				ENABLE_STRICT_OBJC_MSGSEND = YES;
				ENABLE_TESTABILITY = YES;
				GCC_C_LANGUAGE_STANDARD = gnu99;
				GCC_DYNAMIC_NO_PIC = NO;
				GCC_NO_COMMON_BLOCKS = YES;
				GCC_OPTIMIZATION_LEVEL = 0;
				GCC_PREPROCESSOR_DEFINITIONS = (
					"DEBUG=1",
					"$(inherited)",
				);
				GCC_SYMBOLS_PRIVATE_EXTERN = NO;
				GCC_WARN_64_TO_32_BIT_CONVERSION = YES;
				GCC_WARN_ABOUT_RETURN_TYPE = YES_ERROR;
				GCC_WARN_UNDECLARED_SELECTOR = YES;
				GCC_WARN_UNINITIALIZED_AUTOS = YES_AGGRESSIVE;
				GCC_WARN_UNUSED_FUNCTION = YES;
				GCC_WARN_UNUSED_VARIABLE = YES;
				IPHONEOS_DEPLOYMENT_TARGET = 8.3;
				MTL_ENABLE_DEBUG_INFO = YES;
				ONLY_ACTIVE_ARCH = YES;
				SDKROOT = iphoneos;
				SWIFT_OPTIMIZATION_LEVEL = "-Onone";
			};
			name = Debug;
		};
		607FACEE1AFB9204008FA782 /* Release */ = {
			isa = XCBuildConfiguration;
			buildSettings = {
				ALWAYS_SEARCH_USER_PATHS = NO;
				CLANG_CXX_LANGUAGE_STANDARD = "gnu++0x";
				CLANG_CXX_LIBRARY = "libc++";
				CLANG_ENABLE_MODULES = YES;
				CLANG_ENABLE_OBJC_ARC = YES;
				CLANG_WARN_BOOL_CONVERSION = YES;
				CLANG_WARN_CONSTANT_CONVERSION = YES;
				CLANG_WARN_DIRECT_OBJC_ISA_USAGE = YES_ERROR;
				CLANG_WARN_EMPTY_BODY = YES;
				CLANG_WARN_ENUM_CONVERSION = YES;
				CLANG_WARN_INT_CONVERSION = YES;
				CLANG_WARN_OBJC_ROOT_CLASS = YES_ERROR;
				CLANG_WARN_UNREACHABLE_CODE = YES;
				CLANG_WARN__DUPLICATE_METHOD_MATCH = YES;
				"CODE_SIGN_IDENTITY[sdk=iphoneos*]" = "iPhone Developer";
				COPY_PHASE_STRIP = NO;
				DEBUG_INFORMATION_FORMAT = "dwarf-with-dsym";
				ENABLE_NS_ASSERTIONS = NO;
				ENABLE_STRICT_OBJC_MSGSEND = YES;
				GCC_C_LANGUAGE_STANDARD = gnu99;
				GCC_NO_COMMON_BLOCKS = YES;
				GCC_WARN_64_TO_32_BIT_CONVERSION = YES;
				GCC_WARN_ABOUT_RETURN_TYPE = YES_ERROR;
				GCC_WARN_UNDECLARED_SELECTOR = YES;
				GCC_WARN_UNINITIALIZED_AUTOS = YES_AGGRESSIVE;
				GCC_WARN_UNUSED_FUNCTION = YES;
				GCC_WARN_UNUSED_VARIABLE = YES;
				IPHONEOS_DEPLOYMENT_TARGET = 8.3;
				MTL_ENABLE_DEBUG_INFO = NO;
				SDKROOT = iphoneos;
				VALIDATE_PRODUCT = YES;
			};
			name = Release;
		};
		607FACF01AFB9204008FA782 /* Debug */ = {
			isa = XCBuildConfiguration;
			baseConfigurationReference = CA2060E865742FE956506C67 /* Pods-LeeGo-Demo.debug.xcconfig */;
			buildSettings = {
				ASSETCATALOG_COMPILER_APPICON_NAME = AppIcon;
				INFOPLIST_FILE = LeeGo/Info.plist;
				LD_RUNPATH_SEARCH_PATHS = "$(inherited) @executable_path/Frameworks";
				MODULE_NAME = ExampleApp;
				PRODUCT_BUNDLE_IDENTIFIER = me.allblue.LeeGo;
				PRODUCT_NAME = "$(TARGET_NAME)";
				WRAPPER_EXTENSION = app;
			};
			name = Debug;
		};
		607FACF11AFB9204008FA782 /* Release */ = {
			isa = XCBuildConfiguration;
			baseConfigurationReference = 7765EEDA913C283C36AE6990 /* Pods-LeeGo-Demo.release.xcconfig */;
			buildSettings = {
				ASSETCATALOG_COMPILER_APPICON_NAME = AppIcon;
				INFOPLIST_FILE = LeeGo/Info.plist;
				LD_RUNPATH_SEARCH_PATHS = "$(inherited) @executable_path/Frameworks";
				MODULE_NAME = ExampleApp;
				PRODUCT_BUNDLE_IDENTIFIER = me.allblue.LeeGo;
				PRODUCT_NAME = "$(TARGET_NAME)";
				WRAPPER_EXTENSION = app;
			};
			name = Release;
		};
		607FACF31AFB9204008FA782 /* Debug */ = {
			isa = XCBuildConfiguration;
			baseConfigurationReference = BA435C3F552C07FF750E1013 /* Pods-LeeGo-Tests.debug.xcconfig */;
			buildSettings = {
				BUNDLE_LOADER = "$(TEST_HOST)";
				CLANG_ENABLE_MODULES = YES;
				GCC_PREPROCESSOR_DEFINITIONS = (
					"DEBUG=1",
					"$(inherited)",
				);
				INFOPLIST_FILE = Tests/Info.plist;
				LD_RUNPATH_SEARCH_PATHS = "$(inherited) @executable_path/Frameworks @loader_path/Frameworks";
				PRODUCT_BUNDLE_IDENTIFIER = "org.cocoapods.$(PRODUCT_NAME:rfc1034identifier)";
				PRODUCT_NAME = "$(TARGET_NAME)";
				SWIFT_OPTIMIZATION_LEVEL = "-Onone";
				TEST_HOST = "$(BUILT_PRODUCTS_DIR)/LeeGo-Demo.app/LeeGo-Demo";
			};
			name = Debug;
		};
		607FACF41AFB9204008FA782 /* Release */ = {
			isa = XCBuildConfiguration;
			baseConfigurationReference = 615CF4A254DE172FAED17E17 /* Pods-LeeGo-Tests.release.xcconfig */;
			buildSettings = {
				BUNDLE_LOADER = "$(TEST_HOST)";
				CLANG_ENABLE_MODULES = YES;
				INFOPLIST_FILE = Tests/Info.plist;
				LD_RUNPATH_SEARCH_PATHS = "$(inherited) @executable_path/Frameworks @loader_path/Frameworks";
				PRODUCT_BUNDLE_IDENTIFIER = "org.cocoapods.$(PRODUCT_NAME:rfc1034identifier)";
				PRODUCT_NAME = "$(TARGET_NAME)";
				TEST_HOST = "$(BUILT_PRODUCTS_DIR)/LeeGo-Demo.app/LeeGo-Demo";
			};
			name = Release;
		};
/* End XCBuildConfiguration section */

/* Begin XCConfigurationList section */
		607FACCB1AFB9204008FA782 /* Build configuration list for PBXProject "LeeGo" */ = {
			isa = XCConfigurationList;
			buildConfigurations = (
				607FACED1AFB9204008FA782 /* Debug */,
				607FACEE1AFB9204008FA782 /* Release */,
			);
			defaultConfigurationIsVisible = 0;
			defaultConfigurationName = Release;
		};
		607FACEF1AFB9204008FA782 /* Build configuration list for PBXNativeTarget "LeeGo-Demo" */ = {
			isa = XCConfigurationList;
			buildConfigurations = (
				607FACF01AFB9204008FA782 /* Debug */,
				607FACF11AFB9204008FA782 /* Release */,
			);
			defaultConfigurationIsVisible = 0;
			defaultConfigurationName = Release;
		};
		607FACF21AFB9204008FA782 /* Build configuration list for PBXNativeTarget "LeeGo-Tests" */ = {
			isa = XCConfigurationList;
			buildConfigurations = (
				607FACF31AFB9204008FA782 /* Debug */,
				607FACF41AFB9204008FA782 /* Release */,
			);
			defaultConfigurationIsVisible = 0;
			defaultConfigurationName = Release;
		};
/* End XCConfigurationList section */
	};
	rootObject = 607FACC81AFB9204008FA782 /* Project object */;
}
