// !$*UTF8*$!
{
	archiveVersion = 1;
	classes = {
	};
	objectVersion = 47;
	objects = {

/* Begin PBXBuildFile section */
		350637471C4C1AAC00B5E547 /* ElementViewModel.swift in Sources */ = {isa = PBXBuildFile; fileRef = 350637461C4C1AAC00B5E547 /* ElementViewModel.swift */; };
		350E0DF01C81F16D00DB78FC /* LeMondeNewsFeedViewController.swift in Sources */ = {isa = PBXBuildFile; fileRef = 350E0DEF1C81F16D00DB78FC /* LeMondeNewsFeedViewController.swift */; };
		350E0DF21C84B0C500DB78FC /* BrickStore.swift in Sources */ = {isa = PBXBuildFile; fileRef = 350E0DF11C84B0C500DB78FC /* BrickStore.swift */; };
		350E0DF41C84C2FF00DB78FC /* TwitterFeedViewController.swift in Sources */ = {isa = PBXBuildFile; fileRef = 350E0DF31C84C2FF00DB78FC /* TwitterFeedViewController.swift */; };
		350E0DF61C84DD3700DB78FC /* twitter_sample.json in Resources */ = {isa = PBXBuildFile; fileRef = 350E0DF51C84DD3700DB78FC /* twitter_sample.json */; };
		3541CE881C44494B00A3B257 /* Main.storyboard in Resources */ = {isa = PBXBuildFile; fileRef = 3541CE871C44494B00A3B257 /* Main.storyboard */; };
		357956CC1CCCA94A00D27777 /* DetailsViewController.swift in Sources */ = {isa = PBXBuildFile; fileRef = 357956CB1CCCA94A00D27777 /* DetailsViewController.swift */; };
		3585078B1C622B6C006D02EF /* FetteEngschrift.otf in Resources */ = {isa = PBXBuildFile; fileRef = 358507801C622B6A006D02EF /* FetteEngschrift.otf */; };
		3585078C1C622B6C006D02EF /* LmfrAppIcon.ttf in Resources */ = {isa = PBXBuildFile; fileRef = 358507811C622B6A006D02EF /* LmfrAppIcon.ttf */; };
		3585078D1C622B6C006D02EF /* TheAntiquaB-W5Plain.otf in Resources */ = {isa = PBXBuildFile; fileRef = 358507821C622B6A006D02EF /* TheAntiquaB-W5Plain.otf */; };
		3585078E1C622B6C006D02EF /* TheAntiquaB-W5PlainItalic.otf in Resources */ = {isa = PBXBuildFile; fileRef = 358507831C622B6A006D02EF /* TheAntiquaB-W5PlainItalic.otf */; };
		3585078F1C622B6C006D02EF /* TheAntiquaB-W6SemiBold.otf in Resources */ = {isa = PBXBuildFile; fileRef = 358507841C622B6A006D02EF /* TheAntiquaB-W6SemiBold.otf */; };
		358507901C622B6C006D02EF /* TheAntiquaB-W7Bold.otf in Resources */ = {isa = PBXBuildFile; fileRef = 358507851C622B6A006D02EF /* TheAntiquaB-W7Bold.otf */; };
		358507911C622B6C006D02EF /* TheAntiquaB-W8ExtraBold.otf in Resources */ = {isa = PBXBuildFile; fileRef = 358507861C622B6A006D02EF /* TheAntiquaB-W8ExtraBold.otf */; };
		358507921C622B6C006D02EF /* TheSansOsF-Bold.otf in Resources */ = {isa = PBXBuildFile; fileRef = 358507871C622B6A006D02EF /* TheSansOsF-Bold.otf */; };
		358507931C622B6C006D02EF /* TheSansOsF-Plain.otf in Resources */ = {isa = PBXBuildFile; fileRef = 358507881C622B6A006D02EF /* TheSansOsF-Plain.otf */; };
		358507941C622B6C006D02EF /* TheSansOsF-SemiBold.otf in Resources */ = {isa = PBXBuildFile; fileRef = 358507891C622B6A006D02EF /* TheSansOsF-SemiBold.otf */; };
		358507951C622B6C006D02EF /* TheSansOsF-SemiLight.otf in Resources */ = {isa = PBXBuildFile; fileRef = 3585078A1C622B6A006D02EF /* TheSansOsF-SemiLight.otf */; };
		35B44E361C84E4E60049553F /* Tweet.swift in Sources */ = {isa = PBXBuildFile; fileRef = 35B44E351C84E4E60049553F /* Tweet.swift */; };
		35BD85331CA89598005B3E53 /* standard_brick.json in Resources */ = {isa = PBXBuildFile; fileRef = 35BD85321CA89598005B3E53 /* standard_brick.json */; };
		35D7F44D1CC4E5EB008D1AEB /* SamplesViewController.swift in Sources */ = {isa = PBXBuildFile; fileRef = 35D7F44B1CC4E5EB008D1AEB /* SamplesViewController.swift */; };
		35D7F44E1CC4E5EB008D1AEB /* SampleItem.swift in Sources */ = {isa = PBXBuildFile; fileRef = 35D7F44C1CC4E5EB008D1AEB /* SampleItem.swift */; };
		35F5204A1C7C7BEF0089FF41 /* DemoTests.swift in Sources */ = {isa = PBXBuildFile; fileRef = 35F520491C7C7BEF0089FF41 /* DemoTests.swift */; };
		35FFB6A81C7A8C070035EC52 /* Element.swift in Sources */ = {isa = PBXBuildFile; fileRef = 35FFB6A71C7A8C070035EC52 /* Element.swift */; };
		3C479035213C7FCAE258EE3F /* Pods_LeeGo_Tests.framework in Frameworks */ = {isa = PBXBuildFile; fileRef = 217C0723BDD87BAF63534EC2 /* Pods_LeeGo_Tests.framework */; };
		607FACD61AFB9204008FA782 /* AppDelegate.swift in Sources */ = {isa = PBXBuildFile; fileRef = 607FACD51AFB9204008FA782 /* AppDelegate.swift */; };
		607FACD81AFB9204008FA782 /* MainViewController.swift in Sources */ = {isa = PBXBuildFile; fileRef = 607FACD71AFB9204008FA782 /* MainViewController.swift */; };
		607FACDD1AFB9204008FA782 /* Images.xcassets in Resources */ = {isa = PBXBuildFile; fileRef = 607FACDC1AFB9204008FA782 /* Images.xcassets */; };
		607FACE01AFB9204008FA782 /* LaunchScreen.xib in Resources */ = {isa = PBXBuildFile; fileRef = 607FACDE1AFB9204008FA782 /* LaunchScreen.xib */; };
		7BB854E0F83888E27FAB295E /* Pods_LeeGo_Demo.framework in Frameworks */ = {isa = PBXBuildFile; fileRef = 0767557E78385460ED7730A8 /* Pods_LeeGo_Demo.framework */; };
/* End PBXBuildFile section */

/* Begin PBXContainerItemProxy section */
		607FACE61AFB9204008FA782 /* PBXContainerItemProxy */ = {
			isa = PBXContainerItemProxy;
			containerPortal = 607FACC81AFB9204008FA782 /* Project object */;
			proxyType = 1;
			remoteGlobalIDString = 607FACCF1AFB9204008FA782;
			remoteInfo = LeeGo;
		};
/* End PBXContainerItemProxy section */

/* Begin PBXFileReference section */
		0767557E78385460ED7730A8 /* Pods_LeeGo_Demo.framework */ = {isa = PBXFileReference; explicitFileType = wrapper.framework; includeInIndex = 0; path = Pods_LeeGo_Demo.framework; sourceTree = BUILT_PRODUCTS_DIR; };
		1524E6FF067F0774C3E1EE21 /* LeeGo.podspec */ = {isa = PBXFileReference; includeInIndex = 1; lastKnownFileType = text; name = LeeGo.podspec; path = ../LeeGo.podspec; sourceTree = "<group>"; };
		217C0723BDD87BAF63534EC2 /* Pods_LeeGo_Tests.framework */ = {isa = PBXFileReference; explicitFileType = wrapper.framework; includeInIndex = 0; path = Pods_LeeGo_Tests.framework; sourceTree = BUILT_PRODUCTS_DIR; };
		350637461C4C1AAC00B5E547 /* ElementViewModel.swift */ = {isa = PBXFileReference; fileEncoding = 4; lastKnownFileType = sourcecode.swift; path = ElementViewModel.swift; sourceTree = "<group>"; };
		350E0DEF1C81F16D00DB78FC /* LeMondeNewsFeedViewController.swift */ = {isa = PBXFileReference; fileEncoding = 4; lastKnownFileType = sourcecode.swift; path = LeMondeNewsFeedViewController.swift; sourceTree = "<group>"; };
		350E0DF11C84B0C500DB78FC /* BrickStore.swift */ = {isa = PBXFileReference; fileEncoding = 4; lastKnownFileType = sourcecode.swift; path = BrickStore.swift; sourceTree = "<group>"; };
		350E0DF31C84C2FF00DB78FC /* TwitterFeedViewController.swift */ = {isa = PBXFileReference; fileEncoding = 4; lastKnownFileType = sourcecode.swift; path = TwitterFeedViewController.swift; sourceTree = "<group>"; };
		350E0DF51C84DD3700DB78FC /* twitter_sample.json */ = {isa = PBXFileReference; fileEncoding = 4; lastKnownFileType = text.json; path = twitter_sample.json; sourceTree = "<group>"; };
		3541CE871C44494B00A3B257 /* Main.storyboard */ = {isa = PBXFileReference; fileEncoding = 4; lastKnownFileType = file.storyboard; path = Main.storyboard; sourceTree = "<group>"; };
		357956CB1CCCA94A00D27777 /* DetailsViewController.swift */ = {isa = PBXFileReference; fileEncoding = 4; lastKnownFileType = sourcecode.swift; path = DetailsViewController.swift; sourceTree = "<group>"; };
		357956D11CCD2D7800D27777 /* Remote.md */ = {isa = PBXFileReference; fileEncoding = 4; lastKnownFileType = net.daringfireball.markdown; path = Remote.md; sourceTree = "<group>"; };
		357956D21CCD2D7800D27777 /* Design.md */ = {isa = PBXFileReference; fileEncoding = 4; lastKnownFileType = net.daringfireball.markdown; path = Design.md; sourceTree = "<group>"; };
		357956D31CCD2D7800D27777 /* Appearance.md */ = {isa = PBXFileReference; fileEncoding = 4; lastKnownFileType = net.daringfireball.markdown; path = Appearance.md; sourceTree = "<group>"; };
		358507801C622B6A006D02EF /* FetteEngschrift.otf */ = {isa = PBXFileReference; lastKnownFileType = file; path = FetteEngschrift.otf; sourceTree = "<group>"; };
		358507811C622B6A006D02EF /* LmfrAppIcon.ttf */ = {isa = PBXFileReference; lastKnownFileType = file; path = LmfrAppIcon.ttf; sourceTree = "<group>"; };
		358507821C622B6A006D02EF /* TheAntiquaB-W5Plain.otf */ = {isa = PBXFileReference; lastKnownFileType = file; path = "TheAntiquaB-W5Plain.otf"; sourceTree = "<group>"; };
		358507831C622B6A006D02EF /* TheAntiquaB-W5PlainItalic.otf */ = {isa = PBXFileReference; lastKnownFileType = file; path = "TheAntiquaB-W5PlainItalic.otf"; sourceTree = "<group>"; };
		358507841C622B6A006D02EF /* TheAntiquaB-W6SemiBold.otf */ = {isa = PBXFileReference; lastKnownFileType = file; path = "TheAntiquaB-W6SemiBold.otf"; sourceTree = "<group>"; };
		358507851C622B6A006D02EF /* TheAntiquaB-W7Bold.otf */ = {isa = PBXFileReference; lastKnownFileType = file; path = "TheAntiquaB-W7Bold.otf"; sourceTree = "<group>"; };
		358507861C622B6A006D02EF /* TheAntiquaB-W8ExtraBold.otf */ = {isa = PBXFileReference; lastKnownFileType = file; path = "TheAntiquaB-W8ExtraBold.otf"; sourceTree = "<group>"; };
		358507871C622B6A006D02EF /* TheSansOsF-Bold.otf */ = {isa = PBXFileReference; lastKnownFileType = file; path = "TheSansOsF-Bold.otf"; sourceTree = "<group>"; };
		358507881C622B6A006D02EF /* TheSansOsF-Plain.otf */ = {isa = PBXFileReference; lastKnownFileType = file; path = "TheSansOsF-Plain.otf"; sourceTree = "<group>"; };
		358507891C622B6A006D02EF /* TheSansOsF-SemiBold.otf */ = {isa = PBXFileReference; lastKnownFileType = file; path = "TheSansOsF-SemiBold.otf"; sourceTree = "<group>"; };
		3585078A1C622B6A006D02EF /* TheSansOsF-SemiLight.otf */ = {isa = PBXFileReference; lastKnownFileType = file; path = "TheSansOsF-SemiLight.otf"; sourceTree = "<group>"; };
		359374D41CD5D53A00062912 /* Cell.md */ = {isa = PBXFileReference; fileEncoding = 4; lastKnownFileType = net.daringfireball.markdown; path = Cell.md; sourceTree = "<group>"; };
		359374D51CD5D53A00062912 /* Layout.md */ = {isa = PBXFileReference; fileEncoding = 4; lastKnownFileType = net.daringfireball.markdown; path = Layout.md; sourceTree = "<group>"; };
		359374E21CD5D85C00062912 /* CHANGELOG.md */ = {isa = PBXFileReference; fileEncoding = 4; lastKnownFileType = net.daringfireball.markdown; name = CHANGELOG.md; path = ../CHANGELOG.md; sourceTree = "<group>"; };
		35B44E351C84E4E60049553F /* Tweet.swift */ = {isa = PBXFileReference; fileEncoding = 4; lastKnownFileType = sourcecode.swift; path = Tweet.swift; sourceTree = "<group>"; };
		35BD85321CA89598005B3E53 /* standard_brick.json */ = {isa = PBXFileReference; fileEncoding = 4; lastKnownFileType = text.json; path = standard_brick.json; sourceTree = "<group>"; };
		35D7F44B1CC4E5EB008D1AEB /* SamplesViewController.swift */ = {isa = PBXFileReference; fileEncoding = 4; lastKnownFileType = sourcecode.swift; path = SamplesViewController.swift; sourceTree = "<group>"; };
		35D7F44C1CC4E5EB008D1AEB /* SampleItem.swift */ = {isa = PBXFileReference; fileEncoding = 4; lastKnownFileType = sourcecode.swift; path = SampleItem.swift; sourceTree = "<group>"; };
		35F51FBA1C7C61A40089FF41 /* README.md */ = {isa = PBXFileReference; fileEncoding = 4; lastKnownFileType = net.daringfireball.markdown; name = README.md; path = ../README.md; sourceTree = "<group>"; };
		35F520491C7C7BEF0089FF41 /* DemoTests.swift */ = {isa = PBXFileReference; fileEncoding = 4; lastKnownFileType = sourcecode.swift; path = DemoTests.swift; sourceTree = "<group>"; };
		35FFB6A71C7A8C070035EC52 /* Element.swift */ = {isa = PBXFileReference; fileEncoding = 4; lastKnownFileType = sourcecode.swift; path = Element.swift; sourceTree = "<group>"; };
		3F0715B62430ABB7B95471FA /* Pods-LeeGo-Demo.release.xcconfig */ = {isa = PBXFileReference; includeInIndex = 1; lastKnownFileType = text.xcconfig; name = "Pods-LeeGo-Demo.release.xcconfig"; path = "Pods/Target Support Files/Pods-LeeGo-Demo/Pods-LeeGo-Demo.release.xcconfig"; sourceTree = "<group>"; };
		607FACD01AFB9204008FA782 /* LeeGo-Demo.app */ = {isa = PBXFileReference; explicitFileType = wrapper.application; includeInIndex = 0; path = "LeeGo-Demo.app"; sourceTree = BUILT_PRODUCTS_DIR; };
		607FACD41AFB9204008FA782 /* Info.plist */ = {isa = PBXFileReference; lastKnownFileType = text.plist.xml; path = Info.plist; sourceTree = "<group>"; };
		607FACD51AFB9204008FA782 /* AppDelegate.swift */ = {isa = PBXFileReference; lastKnownFileType = sourcecode.swift; path = AppDelegate.swift; sourceTree = "<group>"; };
		607FACD71AFB9204008FA782 /* MainViewController.swift */ = {isa = PBXFileReference; lastKnownFileType = sourcecode.swift; path = MainViewController.swift; sourceTree = "<group>"; };
		607FACDC1AFB9204008FA782 /* Images.xcassets */ = {isa = PBXFileReference; lastKnownFileType = folder.assetcatalog; path = Images.xcassets; sourceTree = "<group>"; };
		607FACDF1AFB9204008FA782 /* Base */ = {isa = PBXFileReference; lastKnownFileType = file.xib; name = Base; path = Base.lproj/LaunchScreen.xib; sourceTree = "<group>"; };
		607FACE51AFB9204008FA782 /* LeeGo-Tests.xctest */ = {isa = PBXFileReference; explicitFileType = wrapper.cfbundle; includeInIndex = 0; path = "LeeGo-Tests.xctest"; sourceTree = BUILT_PRODUCTS_DIR; };
		607FACEA1AFB9204008FA782 /* Info.plist */ = {isa = PBXFileReference; lastKnownFileType = text.plist.xml; path = Info.plist; sourceTree = "<group>"; };
		7AD5D1359B2FF654D1A76040 /* Pods-LeeGo-Demo.debug.xcconfig */ = {isa = PBXFileReference; includeInIndex = 1; lastKnownFileType = text.xcconfig; name = "Pods-LeeGo-Demo.debug.xcconfig"; path = "Pods/Target Support Files/Pods-LeeGo-Demo/Pods-LeeGo-Demo.debug.xcconfig"; sourceTree = "<group>"; };
		9860CA711D189D13854DB21D /* Pods-LeeGo-Tests.release.xcconfig */ = {isa = PBXFileReference; includeInIndex = 1; lastKnownFileType = text.xcconfig; name = "Pods-LeeGo-Tests.release.xcconfig"; path = "Pods/Target Support Files/Pods-LeeGo-Tests/Pods-LeeGo-Tests.release.xcconfig"; sourceTree = "<group>"; };
		EC4EE244431503581D50285E /* Pods-LeeGo-Tests.debug.xcconfig */ = {isa = PBXFileReference; includeInIndex = 1; lastKnownFileType = text.xcconfig; name = "Pods-LeeGo-Tests.debug.xcconfig"; path = "Pods/Target Support Files/Pods-LeeGo-Tests/Pods-LeeGo-Tests.debug.xcconfig"; sourceTree = "<group>"; };
/* End PBXFileReference section */

/* Begin PBXFrameworksBuildPhase section */
		607FACCD1AFB9204008FA782 /* Frameworks */ = {
			isa = PBXFrameworksBuildPhase;
			buildActionMask = 2147483647;
			files = (
				7BB854E0F83888E27FAB295E /* Pods_LeeGo_Demo.framework in Frameworks */,
			);
			runOnlyForDeploymentPostprocessing = 0;
		};
		607FACE21AFB9204008FA782 /* Frameworks */ = {
			isa = PBXFrameworksBuildPhase;
			buildActionMask = 2147483647;
			files = (
				3C479035213C7FCAE258EE3F /* Pods_LeeGo_Tests.framework in Frameworks */,
			);
			runOnlyForDeploymentPostprocessing = 0;
		};
/* End PBXFrameworksBuildPhase section */

/* Begin PBXGroup section */
		0405AC1AE17510705565B928 /* Pods */ = {
			isa = PBXGroup;
			children = (
				7AD5D1359B2FF654D1A76040 /* Pods-LeeGo-Demo.debug.xcconfig */,
				3F0715B62430ABB7B95471FA /* Pods-LeeGo-Demo.release.xcconfig */,
				EC4EE244431503581D50285E /* Pods-LeeGo-Tests.debug.xcconfig */,
				9860CA711D189D13854DB21D /* Pods-LeeGo-Tests.release.xcconfig */,
			);
			name = Pods;
			sourceTree = "<group>";
		};
		350E0DED1C81F08400DB78FC /* LeMonde */ = {
			isa = PBXGroup;
			children = (
				350E0DEF1C81F16D00DB78FC /* LeMondeNewsFeedViewController.swift */,
				35FFB6A71C7A8C070035EC52 /* Element.swift */,
				350637461C4C1AAC00B5E547 /* ElementViewModel.swift */,
				35BD85321CA89598005B3E53 /* standard_brick.json */,
			);
			name = LeMonde;
			sourceTree = "<group>";
		};
		350E0DEE1C81F08B00DB78FC /* Twitter */ = {
			isa = PBXGroup;
			children = (
				350E0DF31C84C2FF00DB78FC /* TwitterFeedViewController.swift */,
				350E0DF51C84DD3700DB78FC /* twitter_sample.json */,
				35B44E351C84E4E60049553F /* Tweet.swift */,
			);
			name = Twitter;
			sourceTree = "<group>";
		};
		357956CA1CCCA92D00D27777 /* DetailsPage */ = {
			isa = PBXGroup;
			children = (
				357956CB1CCCA94A00D27777 /* DetailsViewController.swift */,
			);
			name = DetailsPage;
			sourceTree = "<group>";
		};
		3585077F1C622B6A006D02EF /* Fonts */ = {
			isa = PBXGroup;
			children = (
				358507801C622B6A006D02EF /* FetteEngschrift.otf */,
				358507811C622B6A006D02EF /* LmfrAppIcon.ttf */,
				358507821C622B6A006D02EF /* TheAntiquaB-W5Plain.otf */,
				358507831C622B6A006D02EF /* TheAntiquaB-W5PlainItalic.otf */,
				358507841C622B6A006D02EF /* TheAntiquaB-W6SemiBold.otf */,
				358507851C622B6A006D02EF /* TheAntiquaB-W7Bold.otf */,
				358507861C622B6A006D02EF /* TheAntiquaB-W8ExtraBold.otf */,
				358507871C622B6A006D02EF /* TheSansOsF-Bold.otf */,
				358507881C622B6A006D02EF /* TheSansOsF-Plain.otf */,
				358507891C622B6A006D02EF /* TheSansOsF-SemiBold.otf */,
				3585078A1C622B6A006D02EF /* TheSansOsF-SemiLight.otf */,
			);
			path = Fonts;
			sourceTree = "<group>";
		};
		35D7F44A1CC4E5DE008D1AEB /* Samples */ = {
			isa = PBXGroup;
			children = (
				35D7F44B1CC4E5EB008D1AEB /* SamplesViewController.swift */,
				35D7F44C1CC4E5EB008D1AEB /* SampleItem.swift */,
			);
			name = Samples;
			sourceTree = "<group>";
		};
		35FFBC7A1C7BD2690035EC52 /* Documentation */ = {
			isa = PBXGroup;
			children = (
				357956D11CCD2D7800D27777 /* Remote.md */,
				357956D21CCD2D7800D27777 /* Design.md */,
				357956D31CCD2D7800D27777 /* Appearance.md */,
				359374D41CD5D53A00062912 /* Cell.md */,
				359374D51CD5D53A00062912 /* Layout.md */,
				35F51FBA1C7C61A40089FF41 /* README.md */,
				359374E21CD5D85C00062912 /* CHANGELOG.md */,
			);
			name = Documentation;
			path = ../Docs;
			sourceTree = "<group>";
		};
		3D7941272E4841E800C06717 /* Frameworks */ = {
			isa = PBXGroup;
			children = (
				0767557E78385460ED7730A8 /* Pods_LeeGo_Demo.framework */,
				217C0723BDD87BAF63534EC2 /* Pods_LeeGo_Tests.framework */,
			);
			name = Frameworks;
			sourceTree = "<group>";
		};
		607FACC71AFB9204008FA782 = {
			isa = PBXGroup;
			children = (
				607FACF51AFB993E008FA782 /* Podspec Metadata */,
				607FACD21AFB9204008FA782 /* LeeGo-Demo */,
				607FACE81AFB9204008FA782 /* LeeGo-Tests */,
				607FACD11AFB9204008FA782 /* Products */,
				0405AC1AE17510705565B928 /* Pods */,
				3D7941272E4841E800C06717 /* Frameworks */,
			);
			sourceTree = "<group>";
		};
		607FACD11AFB9204008FA782 /* Products */ = {
			isa = PBXGroup;
			children = (
				607FACD01AFB9204008FA782 /* LeeGo-Demo.app */,
				607FACE51AFB9204008FA782 /* LeeGo-Tests.xctest */,
			);
			name = Products;
			sourceTree = "<group>";
		};
		607FACD21AFB9204008FA782 /* LeeGo-Demo */ = {
			isa = PBXGroup;
			children = (
				607FACD51AFB9204008FA782 /* AppDelegate.swift */,
				607FACD71AFB9204008FA782 /* MainViewController.swift */,
				350E0DF11C84B0C500DB78FC /* BrickStore.swift */,
				35D7F44A1CC4E5DE008D1AEB /* Samples */,
				350E0DED1C81F08400DB78FC /* LeMonde */,
				350E0DEE1C81F08B00DB78FC /* Twitter */,
				357956CA1CCCA92D00D27777 /* DetailsPage */,
				607FACDC1AFB9204008FA782 /* Images.xcassets */,
				607FACDE1AFB9204008FA782 /* LaunchScreen.xib */,
				3541CE871C44494B00A3B257 /* Main.storyboard */,
				607FACD31AFB9204008FA782 /* Supporting Files */,
			);
			name = "LeeGo-Demo";
			path = LeeGo;
			sourceTree = "<group>";
		};
		607FACD31AFB9204008FA782 /* Supporting Files */ = {
			isa = PBXGroup;
			children = (
				3585077F1C622B6A006D02EF /* Fonts */,
				607FACD41AFB9204008FA782 /* Info.plist */,
			);
			name = "Supporting Files";
			sourceTree = "<group>";
		};
		607FACE81AFB9204008FA782 /* LeeGo-Tests */ = {
			isa = PBXGroup;
			children = (
				35F520491C7C7BEF0089FF41 /* DemoTests.swift */,
				607FACE91AFB9204008FA782 /* Supporting Files */,
			);
			name = "LeeGo-Tests";
			path = Tests;
			sourceTree = "<group>";
		};
		607FACE91AFB9204008FA782 /* Supporting Files */ = {
			isa = PBXGroup;
			children = (
				607FACEA1AFB9204008FA782 /* Info.plist */,
			);
			name = "Supporting Files";
			sourceTree = "<group>";
		};
		607FACF51AFB993E008FA782 /* Podspec Metadata */ = {
			isa = PBXGroup;
			children = (
				35FFBC7A1C7BD2690035EC52 /* Documentation */,
				1524E6FF067F0774C3E1EE21 /* LeeGo.podspec */,
			);
			name = "Podspec Metadata";
			sourceTree = "<group>";
		};
/* End PBXGroup section */

/* Begin PBXNativeTarget section */
		607FACCF1AFB9204008FA782 /* LeeGo-Demo */ = {
			isa = PBXNativeTarget;
			buildConfigurationList = 607FACEF1AFB9204008FA782 /* Build configuration list for PBXNativeTarget "LeeGo-Demo" */;
			buildPhases = (
				094FEF29A7B26E6EFD4893F9 /* [CP] Check Pods Manifest.lock */,
				607FACCC1AFB9204008FA782 /* Sources */,
				607FACCD1AFB9204008FA782 /* Frameworks */,
				607FACCE1AFB9204008FA782 /* Resources */,
				DC5604022A7F6978F1F10D2D /* [CP] Embed Pods Frameworks */,
				D37A0397B1ED0478A610B962 /* [CP] Copy Pods Resources */,
			);
			buildRules = (
			);
			dependencies = (
			);
			name = "LeeGo-Demo";
			productName = LeeGo;
			productReference = 607FACD01AFB9204008FA782 /* LeeGo-Demo.app */;
			productType = "com.apple.product-type.application";
		};
		607FACE41AFB9204008FA782 /* LeeGo-Tests */ = {
			isa = PBXNativeTarget;
			buildConfigurationList = 607FACF21AFB9204008FA782 /* Build configuration list for PBXNativeTarget "LeeGo-Tests" */;
			buildPhases = (
				4DAEB4B10D4562EF11DD4E16 /* [CP] Check Pods Manifest.lock */,
				607FACE11AFB9204008FA782 /* Sources */,
				607FACE21AFB9204008FA782 /* Frameworks */,
				607FACE31AFB9204008FA782 /* Resources */,
				6019254C554EACB2A81CCFCE /* [CP] Embed Pods Frameworks */,
				CAEE9542E7673B16FE886370 /* [CP] Copy Pods Resources */,
			);
			buildRules = (
			);
			dependencies = (
				607FACE71AFB9204008FA782 /* PBXTargetDependency */,
			);
			name = "LeeGo-Tests";
			productName = Tests;
			productReference = 607FACE51AFB9204008FA782 /* LeeGo-Tests.xctest */;
			productType = "com.apple.product-type.bundle.unit-test";
		};
/* End PBXNativeTarget section */

/* Begin PBXProject section */
		607FACC81AFB9204008FA782 /* Project object */ = {
			isa = PBXProject;
			attributes = {
				LastSwiftUpdateCheck = 0720;
				LastUpgradeCheck = 0810;
				ORGANIZATIONNAME = LeeGo;
				TargetAttributes = {
					607FACCF1AFB9204008FA782 = {
						CreatedOnToolsVersion = 6.3.1;
						DevelopmentTeam = MH3P7R7924;
						LastSwiftMigration = 0800;
					};
					607FACE41AFB9204008FA782 = {
						CreatedOnToolsVersion = 6.3.1;
						DevelopmentTeam = MH3P7R7924;
						LastSwiftMigration = 0800;
						TestTargetID = 607FACCF1AFB9204008FA782;
					};
				};
			};
			buildConfigurationList = 607FACCB1AFB9204008FA782 /* Build configuration list for PBXProject "LeeGo" */;
			compatibilityVersion = "Xcode 6.3";
			developmentRegion = English;
			hasScannedForEncodings = 0;
			knownRegions = (
				en,
				Base,
			);
			mainGroup = 607FACC71AFB9204008FA782;
			productRefGroup = 607FACD11AFB9204008FA782 /* Products */;
			projectDirPath = "";
			projectRoot = "";
			targets = (
				607FACCF1AFB9204008FA782 /* LeeGo-Demo */,
				607FACE41AFB9204008FA782 /* LeeGo-Tests */,
			);
		};
/* End PBXProject section */

/* Begin PBXResourcesBuildPhase section */
		607FACCE1AFB9204008FA782 /* Resources */ = {
			isa = PBXResourcesBuildPhase;
			buildActionMask = 2147483647;
			files = (
				358507951C622B6C006D02EF /* TheSansOsF-SemiLight.otf in Resources */,
				3585078F1C622B6C006D02EF /* TheAntiquaB-W6SemiBold.otf in Resources */,
				3585078C1C622B6C006D02EF /* LmfrAppIcon.ttf in Resources */,
				358507941C622B6C006D02EF /* TheSansOsF-SemiBold.otf in Resources */,
				607FACE01AFB9204008FA782 /* LaunchScreen.xib in Resources */,
				607FACDD1AFB9204008FA782 /* Images.xcassets in Resources */,
				358507901C622B6C006D02EF /* TheAntiquaB-W7Bold.otf in Resources */,
				358507921C622B6C006D02EF /* TheSansOsF-Bold.otf in Resources */,
				358507911C622B6C006D02EF /* TheAntiquaB-W8ExtraBold.otf in Resources */,
				3585078D1C622B6C006D02EF /* TheAntiquaB-W5Plain.otf in Resources */,
				3541CE881C44494B00A3B257 /* Main.storyboard in Resources */,
				3585078B1C622B6C006D02EF /* FetteEngschrift.otf in Resources */,
				358507931C622B6C006D02EF /* TheSansOsF-Plain.otf in Resources */,
				3585078E1C622B6C006D02EF /* TheAntiquaB-W5PlainItalic.otf in Resources */,
				35BD85331CA89598005B3E53 /* standard_brick.json in Resources */,
				350E0DF61C84DD3700DB78FC /* twitter_sample.json in Resources */,
			);
			runOnlyForDeploymentPostprocessing = 0;
		};
		607FACE31AFB9204008FA782 /* Resources */ = {
			isa = PBXResourcesBuildPhase;
			buildActionMask = 2147483647;
			files = (
			);
			runOnlyForDeploymentPostprocessing = 0;
		};
/* End PBXResourcesBuildPhase section */

/* Begin PBXShellScriptBuildPhase section */
		094FEF29A7B26E6EFD4893F9 /* [CP] Check Pods Manifest.lock */ = {
			isa = PBXShellScriptBuildPhase;
			buildActionMask = 2147483647;
			files = (
			);
			inputPaths = (
			);
			name = "[CP] Check Pods Manifest.lock";
			outputPaths = (
			);
			runOnlyForDeploymentPostprocessing = 0;
			shellPath = /bin/sh;
			shellScript = "diff \"${PODS_ROOT}/../Podfile.lock\" \"${PODS_ROOT}/Manifest.lock\" > /dev/null\nif [ $? != 0 ] ; then\n    # print error to STDERR\n    echo \"error: The sandbox is not in sync with the Podfile.lock. Run 'pod install' or update your CocoaPods installation.\" >&2\n    exit 1\nfi\n";
			showEnvVarsInLog = 0;
		};
		4DAEB4B10D4562EF11DD4E16 /* [CP] Check Pods Manifest.lock */ = {
			isa = PBXShellScriptBuildPhase;
			buildActionMask = 2147483647;
			files = (
			);
			inputPaths = (
			);
			name = "[CP] Check Pods Manifest.lock";
			outputPaths = (
			);
			runOnlyForDeploymentPostprocessing = 0;
			shellPath = /bin/sh;
			shellScript = "diff \"${PODS_ROOT}/../Podfile.lock\" \"${PODS_ROOT}/Manifest.lock\" > /dev/null\nif [ $? != 0 ] ; then\n    # print error to STDERR\n    echo \"error: The sandbox is not in sync with the Podfile.lock. Run 'pod install' or update your CocoaPods installation.\" >&2\n    exit 1\nfi\n";
			showEnvVarsInLog = 0;
		};
		6019254C554EACB2A81CCFCE /* [CP] Embed Pods Frameworks */ = {
			isa = PBXShellScriptBuildPhase;
			buildActionMask = 2147483647;
			files = (
			);
			inputPaths = (
			);
			name = "[CP] Embed Pods Frameworks";
			outputPaths = (
			);
			runOnlyForDeploymentPostprocessing = 0;
			shellPath = /bin/sh;
			shellScript = "\"${SRCROOT}/Pods/Target Support Files/Pods-LeeGo-Tests/Pods-LeeGo-Tests-frameworks.sh\"\n";
			showEnvVarsInLog = 0;
		};
		CAEE9542E7673B16FE886370 /* [CP] Copy Pods Resources */ = {
			isa = PBXShellScriptBuildPhase;
			buildActionMask = 2147483647;
			files = (
			);
			inputPaths = (
			);
			name = "[CP] Copy Pods Resources";
			outputPaths = (
			);
			runOnlyForDeploymentPostprocessing = 0;
			shellPath = /bin/sh;
			shellScript = "\"${SRCROOT}/Pods/Target Support Files/Pods-LeeGo-Tests/Pods-LeeGo-Tests-resources.sh\"\n";
			showEnvVarsInLog = 0;
		};
		D37A0397B1ED0478A610B962 /* [CP] Copy Pods Resources */ = {
			isa = PBXShellScriptBuildPhase;
			buildActionMask = 2147483647;
			files = (
			);
			inputPaths = (
			);
			name = "[CP] Copy Pods Resources";
			outputPaths = (
			);
			runOnlyForDeploymentPostprocessing = 0;
			shellPath = /bin/sh;
			shellScript = "\"${SRCROOT}/Pods/Target Support Files/Pods-LeeGo-Demo/Pods-LeeGo-Demo-resources.sh\"\n";
			showEnvVarsInLog = 0;
		};
		DC5604022A7F6978F1F10D2D /* [CP] Embed Pods Frameworks */ = {
			isa = PBXShellScriptBuildPhase;
			buildActionMask = 2147483647;
			files = (
			);
			inputPaths = (
			);
			name = "[CP] Embed Pods Frameworks";
			outputPaths = (
			);
			runOnlyForDeploymentPostprocessing = 0;
			shellPath = /bin/sh;
			shellScript = "\"${SRCROOT}/Pods/Target Support Files/Pods-LeeGo-Demo/Pods-LeeGo-Demo-frameworks.sh\"\n";
			showEnvVarsInLog = 0;
		};
/* End PBXShellScriptBuildPhase section */

/* Begin PBXSourcesBuildPhase section */
		607FACCC1AFB9204008FA782 /* Sources */ = {
			isa = PBXSourcesBuildPhase;
			buildActionMask = 2147483647;
			files = (
				607FACD81AFB9204008FA782 /* MainViewController.swift in Sources */,
				35B44E361C84E4E60049553F /* Tweet.swift in Sources */,
				350637471C4C1AAC00B5E547 /* ElementViewModel.swift in Sources */,
				357956CC1CCCA94A00D27777 /* DetailsViewController.swift in Sources */,
				35FFB6A81C7A8C070035EC52 /* Element.swift in Sources */,
				350E0DF41C84C2FF00DB78FC /* TwitterFeedViewController.swift in Sources */,
				607FACD61AFB9204008FA782 /* AppDelegate.swift in Sources */,
				35D7F44E1CC4E5EB008D1AEB /* SampleItem.swift in Sources */,
				350E0DF01C81F16D00DB78FC /* LeMondeNewsFeedViewController.swift in Sources */,
				35D7F44D1CC4E5EB008D1AEB /* SamplesViewController.swift in Sources */,
				350E0DF21C84B0C500DB78FC /* BrickStore.swift in Sources */,
			);
			runOnlyForDeploymentPostprocessing = 0;
		};
		607FACE11AFB9204008FA782 /* Sources */ = {
			isa = PBXSourcesBuildPhase;
			buildActionMask = 2147483647;
			files = (
				35F5204A1C7C7BEF0089FF41 /* DemoTests.swift in Sources */,
			);
			runOnlyForDeploymentPostprocessing = 0;
		};
/* End PBXSourcesBuildPhase section */

/* Begin PBXTargetDependency section */
		607FACE71AFB9204008FA782 /* PBXTargetDependency */ = {
			isa = PBXTargetDependency;
			target = 607FACCF1AFB9204008FA782 /* LeeGo-Demo */;
			targetProxy = 607FACE61AFB9204008FA782 /* PBXContainerItemProxy */;
		};
/* End PBXTargetDependency section */

/* Begin PBXVariantGroup section */
		607FACDE1AFB9204008FA782 /* LaunchScreen.xib */ = {
			isa = PBXVariantGroup;
			children = (
				607FACDF1AFB9204008FA782 /* Base */,
			);
			name = LaunchScreen.xib;
			sourceTree = "<group>";
		};
/* End PBXVariantGroup section */

/* Begin XCBuildConfiguration section */
		607FACED1AFB9204008FA782 /* Debug */ = {
			isa = XCBuildConfiguration;
			buildSettings = {
				ALWAYS_SEARCH_USER_PATHS = NO;
				CLANG_CXX_LANGUAGE_STANDARD = "gnu++0x";
				CLANG_CXX_LIBRARY = "libc++";
				CLANG_ENABLE_MODULES = YES;
				CLANG_ENABLE_OBJC_ARC = YES;
				CLANG_WARN_BOOL_CONVERSION = YES;
				CLANG_WARN_CONSTANT_CONVERSION = YES;
				CLANG_WARN_DIRECT_OBJC_ISA_USAGE = YES_ERROR;
				CLANG_WARN_EMPTY_BODY = YES;
				CLANG_WARN_ENUM_CONVERSION = YES;
				CLANG_WARN_INFINITE_RECURSION = YES;
				CLANG_WARN_INT_CONVERSION = YES;
				CLANG_WARN_OBJC_ROOT_CLASS = YES_ERROR;
				CLANG_WARN_SUSPICIOUS_MOVE = YES;
				CLANG_WARN_UNREACHABLE_CODE = YES;
				CLANG_WARN__DUPLICATE_METHOD_MATCH = YES;
				"CODE_SIGN_IDENTITY[sdk=iphoneos*]" = "iPhone Developer";
				COPY_PHASE_STRIP = NO;
				DEBUG_INFORMATION_FORMAT = "dwarf-with-dsym";
				ENABLE_STRICT_OBJC_MSGSEND = YES;
				ENABLE_TESTABILITY = YES;
				GCC_C_LANGUAGE_STANDARD = gnu99;
				GCC_DYNAMIC_NO_PIC = NO;
				GCC_NO_COMMON_BLOCKS = YES;
				GCC_OPTIMIZATION_LEVEL = 0;
				GCC_PREPROCESSOR_DEFINITIONS = (
					"DEBUG=1",
					"$(inherited)",
				);
				GCC_SYMBOLS_PRIVATE_EXTERN = NO;
				GCC_WARN_64_TO_32_BIT_CONVERSION = YES;
				GCC_WARN_ABOUT_RETURN_TYPE = YES_ERROR;
				GCC_WARN_UNDECLARED_SELECTOR = YES;
				GCC_WARN_UNINITIALIZED_AUTOS = YES_AGGRESSIVE;
				GCC_WARN_UNUSED_FUNCTION = YES;
				GCC_WARN_UNUSED_VARIABLE = YES;
				IPHONEOS_DEPLOYMENT_TARGET = 8.3;
				MTL_ENABLE_DEBUG_INFO = YES;
				ONLY_ACTIVE_ARCH = YES;
				SDKROOT = iphoneos;
				SWIFT_OPTIMIZATION_LEVEL = "-Onone";
			};
			name = Debug;
		};
		607FACEE1AFB9204008FA782 /* Release */ = {
			isa = XCBuildConfiguration;
			buildSettings = {
				ALWAYS_SEARCH_USER_PATHS = NO;
				CLANG_CXX_LANGUAGE_STANDARD = "gnu++0x";
				CLANG_CXX_LIBRARY = "libc++";
				CLANG_ENABLE_MODULES = YES;
				CLANG_ENABLE_OBJC_ARC = YES;
				CLANG_WARN_BOOL_CONVERSION = YES;
				CLANG_WARN_CONSTANT_CONVERSION = YES;
				CLANG_WARN_DIRECT_OBJC_ISA_USAGE = YES_ERROR;
				CLANG_WARN_EMPTY_BODY = YES;
				CLANG_WARN_ENUM_CONVERSION = YES;
				CLANG_WARN_INFINITE_RECURSION = YES;
				CLANG_WARN_INT_CONVERSION = YES;
				CLANG_WARN_OBJC_ROOT_CLASS = YES_ERROR;
				CLANG_WARN_SUSPICIOUS_MOVE = YES;
				CLANG_WARN_UNREACHABLE_CODE = YES;
				CLANG_WARN__DUPLICATE_METHOD_MATCH = YES;
				"CODE_SIGN_IDENTITY[sdk=iphoneos*]" = "iPhone Developer";
				COPY_PHASE_STRIP = NO;
				DEBUG_INFORMATION_FORMAT = "dwarf-with-dsym";
				ENABLE_NS_ASSERTIONS = NO;
				ENABLE_STRICT_OBJC_MSGSEND = YES;
				GCC_C_LANGUAGE_STANDARD = gnu99;
				GCC_NO_COMMON_BLOCKS = YES;
				GCC_WARN_64_TO_32_BIT_CONVERSION = YES;
				GCC_WARN_ABOUT_RETURN_TYPE = YES_ERROR;
				GCC_WARN_UNDECLARED_SELECTOR = YES;
				GCC_WARN_UNINITIALIZED_AUTOS = YES_AGGRESSIVE;
				GCC_WARN_UNUSED_FUNCTION = YES;
				GCC_WARN_UNUSED_VARIABLE = YES;
				IPHONEOS_DEPLOYMENT_TARGET = 8.3;
				MTL_ENABLE_DEBUG_INFO = NO;
				SDKROOT = iphoneos;
				VALIDATE_PRODUCT = YES;
			};
			name = Release;
		};
		607FACF01AFB9204008FA782 /* Debug */ = {
			isa = XCBuildConfiguration;
			baseConfigurationReference = 7AD5D1359B2FF654D1A76040 /* Pods-LeeGo-Demo.debug.xcconfig */;
			buildSettings = {
				ALWAYS_EMBED_SWIFT_STANDARD_LIBRARIES = YES;
				ASSETCATALOG_COMPILER_APPICON_NAME = AppIcon;
				DEVELOPMENT_TEAM = MH3P7R7924;
				INFOPLIST_FILE = LeeGo/Info.plist;
				LD_RUNPATH_SEARCH_PATHS = "$(inherited) @executable_path/Frameworks";
				MODULE_NAME = ExampleApp;
				PRODUCT_BUNDLE_IDENTIFIER = me.allblue.LeeGo;
				PRODUCT_NAME = "$(TARGET_NAME)";
				SWIFT_VERSION = 3.0;
				WRAPPER_EXTENSION = app;
			};
			name = Debug;
		};
		607FACF11AFB9204008FA782 /* Release */ = {
			isa = XCBuildConfiguration;
			baseConfigurationReference = 3F0715B62430ABB7B95471FA /* Pods-LeeGo-Demo.release.xcconfig */;
			buildSettings = {
				ALWAYS_EMBED_SWIFT_STANDARD_LIBRARIES = YES;
				ASSETCATALOG_COMPILER_APPICON_NAME = AppIcon;
				DEVELOPMENT_TEAM = MH3P7R7924;
				INFOPLIST_FILE = LeeGo/Info.plist;
				LD_RUNPATH_SEARCH_PATHS = "$(inherited) @executable_path/Frameworks";
				MODULE_NAME = ExampleApp;
				PRODUCT_BUNDLE_IDENTIFIER = me.allblue.LeeGo;
				PRODUCT_NAME = "$(TARGET_NAME)";
				SWIFT_OPTIMIZATION_LEVEL = "-Owholemodule";
				SWIFT_VERSION = 3.0;
				WRAPPER_EXTENSION = app;
			};
			name = Release;
		};
		607FACF31AFB9204008FA782 /* Debug */ = {
			isa = XCBuildConfiguration;
			baseConfigurationReference = EC4EE244431503581D50285E /* Pods-LeeGo-Tests.debug.xcconfig */;
			buildSettings = {
				ALWAYS_EMBED_SWIFT_STANDARD_LIBRARIES = YES;
				BUNDLE_LOADER = "$(TEST_HOST)";
				CLANG_ENABLE_MODULES = YES;
				DEVELOPMENT_TEAM = MH3P7R7924;
				GCC_PREPROCESSOR_DEFINITIONS = (
					"DEBUG=1",
					"$(inherited)",
				);
				INFOPLIST_FILE = Tests/Info.plist;
				LD_RUNPATH_SEARCH_PATHS = "$(inherited) @executable_path/Frameworks @loader_path/Frameworks";
				PRODUCT_BUNDLE_IDENTIFIER = "org.cocoapods.$(PRODUCT_NAME:rfc1034identifier)";
				PRODUCT_NAME = "$(TARGET_NAME)";
				SWIFT_OPTIMIZATION_LEVEL = "-Onone";
				SWIFT_VERSION = 3.0;
				TEST_HOST = "$(BUILT_PRODUCTS_DIR)/LeeGo-Demo.app/LeeGo-Demo";
			};
			name = Debug;
		};
		607FACF41AFB9204008FA782 /* Release */ = {
			isa = XCBuildConfiguration;
			baseConfigurationReference = 9860CA711D189D13854DB21D /* Pods-LeeGo-Tests.release.xcconfig */;
			buildSettings = {
				ALWAYS_EMBED_SWIFT_STANDARD_LIBRARIES = YES;
				BUNDLE_LOADER = "$(TEST_HOST)";
				CLANG_ENABLE_MODULES = YES;
				DEVELOPMENT_TEAM = MH3P7R7924;
				INFOPLIST_FILE = Tests/Info.plist;
				LD_RUNPATH_SEARCH_PATHS = "$(inherited) @executable_path/Frameworks @loader_path/Frameworks";
				PRODUCT_BUNDLE_IDENTIFIER = "org.cocoapods.$(PRODUCT_NAME:rfc1034identifier)";
				PRODUCT_NAME = "$(TARGET_NAME)";
				SWIFT_OPTIMIZATION_LEVEL = "-Owholemodule";
				SWIFT_VERSION = 3.0;
				TEST_HOST = "$(BUILT_PRODUCTS_DIR)/LeeGo-Demo.app/LeeGo-Demo";
			};
			name = Release;
		};
/* End XCBuildConfiguration section */

/* Begin XCConfigurationList section */
		607FACCB1AFB9204008FA782 /* Build configuration list for PBXProject "LeeGo" */ = {
			isa = XCConfigurationList;
			buildConfigurations = (
				607FACED1AFB9204008FA782 /* Debug */,
				607FACEE1AFB9204008FA782 /* Release */,
			);
			defaultConfigurationIsVisible = 0;
			defaultConfigurationName = Release;
		};
		607FACEF1AFB9204008FA782 /* Build configuration list for PBXNativeTarget "LeeGo-Demo" */ = {
			isa = XCConfigurationList;
			buildConfigurations = (
				607FACF01AFB9204008FA782 /* Debug */,
				607FACF11AFB9204008FA782 /* Release */,
			);
			defaultConfigurationIsVisible = 0;
			defaultConfigurationName = Release;
		};
		607FACF21AFB9204008FA782 /* Build configuration list for PBXNativeTarget "LeeGo-Tests" */ = {
			isa = XCConfigurationList;
			buildConfigurations = (
				607FACF31AFB9204008FA782 /* Debug */,
				607FACF41AFB9204008FA782 /* Release */,
			);
			defaultConfigurationIsVisible = 0;
			defaultConfigurationName = Release;
		};
/* End XCConfigurationList section */
	};
	rootObject = 607FACC81AFB9204008FA782 /* Project object */;
}
